{
  "name": "junius",
  "lockfileVersion": 3,
  "requires": true,
  "packages": {
    "": {
      "name": "junius",
      "dependencies": {
        "@effect/schema": "^0.70.2",
        "effect": "^3.6.1",
        "postgres": "^3.4.3"
      },
      "devDependencies": {
        "@types/bun": "latest"
      },
      "peerDependencies": {
        "typescript": "^5.0.0"
      }
    },
    "node_modules/@effect/schema": {
      "version": "0.70.2",
      "resolved": "https://registry.npmjs.org/@effect/schema/-/schema-0.70.2.tgz",
      "integrity": "sha512-uZcUtgnmmzqpMikFr4FBmVX0didYBp33UhpYZrIvlW5/fiENsnrGas3DOanqxXPgP6mnwx9q/kv6912Ix+NjSw==",
      "dependencies": {
        "fast-check": "^3.20.0"
      },
      "peerDependencies": {
        "effect": "^3.6.1"
      }
    },
    "node_modules/@types/bun": {
      "version": "1.0.8",
      "resolved": "https://registry.npmjs.org/@types/bun/-/bun-1.0.8.tgz",
      "integrity": "sha512-E6UWZuN4ymAxzUBWVIGDHJ3Zey7I8cMzDZ+cB1BqhZsmd1uPb9iAQzpWMruY1mKzsuD3R+dZPoBkZz8QL1KhSA==",
      "dev": true,
      "dependencies": {
        "bun-types": "1.0.29"
      }
    },
    "node_modules/@types/node": {
      "version": "20.11.21",
      "dev": true,
      "license": "MIT",
      "dependencies": {
        "undici-types": "~5.26.4"
      }
    },
    "node_modules/@types/ws": {
      "version": "8.5.10",
      "dev": true,
      "license": "MIT",
      "dependencies": {
        "@types/node": "*"
      }
    },
    "node_modules/bun-types": {
      "version": "1.0.29",
      "dev": true,
      "license": "MIT",
      "dependencies": {
        "@types/node": "~20.11.3",
        "@types/ws": "~8.5.10"
      }
    },
    "node_modules/effect": {
      "version": "3.6.1",
      "resolved": "https://registry.npmjs.org/effect/-/effect-3.6.1.tgz",
      "integrity": "sha512-RdHsRMuEUKgkhs3z2d5XI5SDADX0THDx6GjP1oJAAAM/w+oT5/3BpKZyg/05VHy7YfOUdaQbcDzFO6YowkqsSQ=="
    },
    "node_modules/fast-check": {
      "version": "3.20.0",
      "resolved": "https://registry.npmjs.org/fast-check/-/fast-check-3.20.0.tgz",
      "integrity": "sha512-pZIjqLpOZgdSLecec4GKC3Zq5702MZ34upMKxojnNVSWA0K64V3pXOBT1Wdsrc3AphLtzRBbsi8bRWF4TUGmUg==",
      "funding": [
        {
          "type": "individual",
          "url": "https://github.com/sponsors/dubzzz"
        },
        {
          "type": "opencollective",
          "url": "https://opencollective.com/fast-check"
        }
      ],
      "dependencies": {
        "pure-rand": "^6.1.0"
      },
      "engines": {
        "node": ">=8.0.0"
      }
    },
    "node_modules/postgres": {
      "version": "3.4.3",
      "resolved": "https://registry.npmjs.org/postgres/-/postgres-3.4.3.tgz",
      "integrity": "sha512-iHJn4+M9vbTdHSdDzNkC0crHq+1CUdFhx+YqCE+SqWxPjm+Zu63jq7yZborOBF64c8pc58O5uMudyL1FQcHacA==",
      "engines": {
        "node": ">=12"
      },
      "funding": {
        "type": "individual",
        "url": "https://github.com/sponsors/porsager"
      }
    },
    "node_modules/pure-rand": {
      "version": "6.1.0",
      "resolved": "https://registry.npmjs.org/pure-rand/-/pure-rand-6.1.0.tgz",
      "integrity": "sha512-bVWawvoZoBYpp6yIoQtQXHZjmz35RSVHnUOTefl8Vcjr8snTPY1wnpSPMWekcFwbxI6gtmT7rSYPFvz71ldiOA==",
      "funding": [
        {
          "type": "individual",
          "url": "https://github.com/sponsors/dubzzz"
        },
        {
          "type": "opencollective",
          "url": "https://opencollective.com/fast-check"
        }
      ]
    },
    "node_modules/typescript": {
      "version": "5.3.3",
      "license": "Apache-2.0",
      "peer": true,
      "bin": {
        "tsc": "bin/tsc",
        "tsserver": "bin/tsserver"
      },
      "engines": {
        "node": ">=14.17"
      }
    },
    "node_modules/undici-types": {
      "version": "5.26.5",
      "dev": true,
      "license": "MIT"
    }
  }
}
